
Microsoft Visual Studio Solution File, Format Version 12.00
# Visual Studio 2012
Project("{FAE04EC0-301F-11D3-BF4B-00C04F79EFBC}") = "Lucky7", "Lucky7\Lucky7.csproj", "{2F9F3A58-158A-4BE7-AED6-BB1973AC3487}"
EndProject
Global
	GlobalSection(SolutionConfigurationPlatforms) = preSolution
		Debug|Any CPU = Debug|Any CPU
		Release|Any CPU = Release|Any CPU
	EndGlobalSection
	GlobalSection(ProjectConfigurationPlatforms) = postSolution
		{2F9F3A58-158A-4BE7-AED6-BB1973AC3487}.Debug|Any CPU.ActiveCfg = Debug|Any CPU
		{2F9F3A58-158A-4BE7-AED6-BB1973AC3487}.Debug|Any CPU.Build.0 = Debug|Any CPU
		{2F9F3A58-158A-4BE7-AED6-BB1973AC3487}.Release|Any CPU.ActiveCfg = Release|Any CPU
		{2F9F3A58-158A-4BE7-AED6-BB1973AC3487}.Release|Any CPU.Build.0 = Release|Any CPU
	EndGlobalSection
	GlobalSection(SolutionProperties) = preSolution
		HideSolutionNode = FALSE
	EndGlobalSection
EndGlobal
